// !$*UTF8*$!
{
	archiveVersion = 1;
	classes = {
	};
	objectVersion = 46;
	objects = {

/* Begin PBXBuildFile section */
		016BD43C1E143DDD00CB78C1 /* main.m in Sources */ = {isa = PBXBuildFile; fileRef = 016BD43B1E143DDD00CB78C1 /* main.m */; };
		016BD43F1E143DDD00CB78C1 /* AppDelegate.m in Sources */ = {isa = PBXBuildFile; fileRef = 016BD43E1E143DDD00CB78C1 /* AppDelegate.m */; };
		016BD4421E143DDD00CB78C1 /* ViewController.m in Sources */ = {isa = PBXBuildFile; fileRef = 016BD4411E143DDD00CB78C1 /* ViewController.m */; };
		016BD4451E143DDD00CB78C1 /* Main.storyboard in Resources */ = {isa = PBXBuildFile; fileRef = 016BD4431E143DDD00CB78C1 /* Main.storyboard */; };
		016BD4471E143DDD00CB78C1 /* Assets.xcassets in Resources */ = {isa = PBXBuildFile; fileRef = 016BD4461E143DDD00CB78C1 /* Assets.xcassets */; };
		016BD44A1E143DDD00CB78C1 /* LaunchScreen.storyboard in Resources */ = {isa = PBXBuildFile; fileRef = 016BD4481E143DDD00CB78C1 /* LaunchScreen.storyboard */; };
		016BD4521E143F9600CB78C1 /* input.txt in Resources */ = {isa = PBXBuildFile; fileRef = 016BD4511E143F9600CB78C1 /* input.txt */; };
/* End PBXBuildFile section */

/* Begin PBXFileReference section */
		016BD4371E143DDD00CB78C1 /* day16.app */ = {isa = PBXFileReference; explicitFileType = wrapper.application; includeInIndex = 0; path = day16.app; sourceTree = BUILT_PRODUCTS_DIR; };
		016BD43B1E143DDD00CB78C1 /* main.m */ = {isa = PBXFileReference; lastKnownFileType = sourcecode.c.objc; path = main.m; sourceTree = "<group>"; };
		016BD43D1E143DDD00CB78C1 /* AppDelegate.h */ = {isa = PBXFileReference; lastKnownFileType = sourcecode.c.h; path = AppDelegate.h; sourceTree = "<group>"; };
		016BD43E1E143DDD00CB78C1 /* AppDelegate.m */ = {isa = PBXFileReference; lastKnownFileType = sourcecode.c.objc; path = AppDelegate.m; sourceTree = "<group>"; };
		016BD4401E143DDD00CB78C1 /* ViewController.h */ = {isa = PBXFileReference; lastKnownFileType = sourcecode.c.h; path = ViewController.h; sourceTree = "<group>"; };
		016BD4411E143DDD00CB78C1 /* ViewController.m */ = {isa = PBXFileReference; lastKnownFileType = sourcecode.c.objc; path = ViewController.m; sourceTree = "<group>"; };
		016BD4441E143DDD00CB78C1 /* Base */ = {isa = PBXFileReference; lastKnownFileType = file.storyboard; name = Base; path = Base.lproj/Main.storyboard; sourceTree = "<group>"; };
		016BD4461E143DDD00CB78C1 /* Assets.xcassets */ = {isa = PBXFileReference; lastKnownFileType = folder.assetcatalog; path = Assets.xcassets; sourceTree = "<group>"; };
		016BD4491E143DDD00CB78C1 /* Base */ = {isa = PBXFileReference; lastKnownFileType = file.storyboard; name = Base; path = Base.lproj/LaunchScreen.storyboard; sourceTree = "<group>"; };
		016BD44B1E143DDD00CB78C1 /* Info.plist */ = {isa = PBXFileReference; lastKnownFileType = text.plist.xml; path = Info.plist; sourceTree = "<group>"; };
		016BD4511E143F9600CB78C1 /* input.txt */ = {isa = PBXFileReference; fileEncoding = 4; lastKnownFileType = text; path = input.txt; sourceTree = "<group>"; };
/* End PBXFileReference section */

/* Begin PBXFrameworksBuildPhase section */
		016BD4341E143DDD00CB78C1 /* Frameworks */ = {
			isa = PBXFrameworksBuildPhase;
			buildActionMask = 2147483647;
			files = (
			);
			runOnlyForDeploymentPostprocessing = 0;
		};
/* End PBXFrameworksBuildPhase section */

/* Begin PBXGroup section */
		016BD42E1E143DDD00CB78C1 = {
			isa = PBXGroup;
			children = (
				016BD4391E143DDD00CB78C1 /* day16 */,
				016BD4381E143DDD00CB78C1 /* Products */,
			);
			sourceTree = "<group>";
		};
		016BD4381E143DDD00CB78C1 /* Products */ = {
			isa = PBXGroup;
			children = (
				016BD4371E143DDD00CB78C1 /* day16.app */,
			);
			name = Products;
			sourceTree = "<group>";
		};
		016BD4391E143DDD00CB78C1 /* day16 */ = {
			isa = PBXGroup;
			children = (
				016BD43D1E143DDD00CB78C1 /* AppDelegate.h */,
				016BD43E1E143DDD00CB78C1 /* AppDelegate.m */,
				016BD4511E143F9600CB78C1 /* input.txt */,
				016BD4401E143DDD00CB78C1 /* ViewController.h */,
				016BD4411E143DDD00CB78C1 /* ViewController.m */,
				016BD4431E143DDD00CB78C1 /* Main.storyboard */,
				016BD4461E143DDD00CB78C1 /* Assets.xcassets */,
				016BD4481E143DDD00CB78C1 /* LaunchScreen.storyboard */,
				016BD44B1E143DDD00CB78C1 /* Info.plist */,
				016BD43A1E143DDD00CB78C1 /* Supporting Files */,
			);
			path = day16;
			sourceTree = "<group>";
		};
		016BD43A1E143DDD00CB78C1 /* Supporting Files */ = {
			isa = PBXGroup;
			children = (
				016BD43B1E143DDD00CB78C1 /* main.m */,
			);
			name = "Supporting Files";
			sourceTree = "<group>";
		};
/* End PBXGroup section */

/* Begin PBXNativeTarget section */
		016BD4361E143DDD00CB78C1 /* day16 */ = {
			isa = PBXNativeTarget;
			buildConfigurationList = 016BD44E1E143DDD00CB78C1 /* Build configuration list for PBXNativeTarget "day16" */;
			buildPhases = (
				016BD4331E143DDD00CB78C1 /* Sources */,
				016BD4341E143DDD00CB78C1 /* Frameworks */,
				016BD4351E143DDD00CB78C1 /* Resources */,
			);
			buildRules = (
			);
			dependencies = (
			);
			name = day16;
			productName = day16;
			productReference = 016BD4371E143DDD00CB78C1 /* day16.app */;
			productType = "com.apple.product-type.application";
		};
/* End PBXNativeTarget section */

/* Begin PBXProject section */
		016BD42F1E143DDD00CB78C1 /* Project object */ = {
			isa = PBXProject;
			attributes = {
				LastUpgradeCheck = 0820;
				ORGANIZATIONNAME = "David Weissler";
				TargetAttributes = {
					016BD4361E143DDD00CB78C1 = {
						CreatedOnToolsVersion = 8.2.1;
						ProvisioningStyle = Automatic;
					};
				};
			};
			buildConfigurationList = 016BD4321E143DDD00CB78C1 /* Build configuration list for PBXProject "day16" */;
			compatibilityVersion = "Xcode 3.2";
			developmentRegion = English;
			hasScannedForEncodings = 0;
			knownRegions = (
				en,
				Base,
			);
			mainGroup = 016BD42E1E143DDD00CB78C1;
			productRefGroup = 016BD4381E143DDD00CB78C1 /* Products */;
			projectDirPath = "";
			projectRoot = "";
			targets = (
				016BD4361E143DDD00CB78C1 /* day16 */,
			);
		};
/* End PBXProject section */

/* Begin PBXResourcesBuildPhase section */
		016BD4351E143DDD00CB78C1 /* Resources */ = {
			isa = PBXResourcesBuildPhase;
			buildActionMask = 2147483647;
			files = (
				016BD44A1E143DDD00CB78C1 /* LaunchScreen.storyboard in Resources */,
				016BD4471E143DDD00CB78C1 /* Assets.xcassets in Resources */,
				016BD4451E143DDD00CB78C1 /* Main.storyboard in Resources */,
				016BD4521E143F9600CB78C1 /* input.txt in Resources */,
			);
			runOnlyForDeploymentPostprocessing = 0;
		};
/* End PBXResourcesBuildPhase section */

/* Begin PBXSourcesBuildPhase section */
		016BD4331E143DDD00CB78C1 /* Sources */ = {
			isa = PBXSourcesBuildPhase;
			buildActionMask = 2147483647;
			files = (
				016BD4421E143DDD00CB78C1 /* ViewController.m in Sources */,
				016BD43F1E143DDD00CB78C1 /* AppDelegate.m in Sources */,
				016BD43C1E143DDD00CB78C1 /* main.m in Sources */,
			);
			runOnlyForDeploymentPostprocessing = 0;
		};
/* End PBXSourcesBuildPhase section */

/* Begin PBXVariantGroup section */
		016BD4431E143DDD00CB78C1 /* Main.storyboard */ = {
			isa = PBXVariantGroup;
			children = (
				016BD4441E143DDD00CB78C1 /* Base */,
			);
			name = Main.storyboard;
			sourceTree = "<group>";
		};
		016BD4481E143DDD00CB78C1 /* LaunchScreen.storyboard */ = {
			isa = PBXVariantGroup;
			children = (
				016BD4491E143DDD00CB78C1 /* Base */,
			);
			name = LaunchScreen.storyboard;
			sourceTree = "<group>";
		};
/* End PBXVariantGroup section */

/* Begin XCBuildConfiguration section */
		016BD44C1E143DDD00CB78C1 /* Debug */ = {
			isa = XCBuildConfiguration;
			buildSettings = {
				ALWAYS_SEARCH_USER_PATHS = NO;
				CLANG_ANALYZER_NONNULL = YES;
				CLANG_CXX_LANGUAGE_STANDARD = "gnu++0x";
				CLANG_CXX_LIBRARY = "libc++";
				CLANG_ENABLE_MODULES = YES;
				CLANG_ENABLE_OBJC_ARC = YES;
				CLANG_WARN_BOOL_CONVERSION = YES;
				CLANG_WARN_CONSTANT_CONVERSION = YES;
				CLANG_WARN_DIRECT_OBJC_ISA_USAGE = YES_ERROR;
				CLANG_WARN_DOCUMENTATION_COMMENTS = YES;
				CLANG_WARN_EMPTY_BODY = YES;
				CLANG_WARN_ENUM_CONVERSION = YES;
				CLANG_WARN_INFINITE_RECURSION = YES;
				CLANG_WARN_INT_CONVERSION = YES;
				CLANG_WARN_OBJC_ROOT_CLASS = YES_ERROR;
				CLANG_WARN_SUSPICIOUS_MOVE = YES;
				CLANG_WARN_UNREACHABLE_CODE = YES;
				CLANG_WARN__DUPLICATE_METHOD_MATCH = YES;
				"CODE_SIGN_IDENTITY[sdk=iphoneos*]" = "iPhone Developer";
				COPY_PHASE_STRIP = NO;
				DEBUG_INFORMATION_FORMAT = dwarf;
				ENABLE_STRICT_OBJC_MSGSEND = YES;
				ENABLE_TESTABILITY = YES;
				GCC_C_LANGUAGE_STANDARD = gnu99;
				GCC_DYNAMIC_NO_PIC = NO;
				GCC_NO_COMMON_BLOCKS = YES;
				GCC_OPTIMIZATION_LEVEL = 0;
				GCC_PREPROCESSOR_DEFINITIONS = (
					"DEBUG=1",
					"$(inherited)",
				);
				GCC_WARN_64_TO_32_BIT_CONVERSION = YES;
				GCC_WARN_ABOUT_RETURN_TYPE = YES_ERROR;
				GCC_WARN_UNDECLARED_SELECTOR = YES;
				GCC_WARN_UNINITIALIZED_AUTOS = YES_AGGRESSIVE;
				GCC_WARN_UNUSED_FUNCTION = YES;
				GCC_WARN_UNUSED_VARIABLE = YES;
				IPHONEOS_DEPLOYMENT_TARGET = 10.2;
				MTL_ENABLE_DEBUG_INFO = YES;
				ONLY_ACTIVE_ARCH = YES;
				SDKROOT = iphoneos;
				TARGETED_DEVICE_FAMILY = "1,2";
			};
			name = Debug;
		};
		016BD44D1E143DDD00CB78C1 /* Release */ = {
			isa = XCBuildConfiguration;
			buildSettings = {
				ALWAYS_SEARCH_USER_PATHS = NO;
				CLANG_ANALYZER_NONNULL = YES;
				CLANG_CXX_LANGUAGE_STANDARD = "gnu++0x";
				CLANG_CXX_LIBRARY = "libc++";
				CLANG_ENABLE_MODULES = YES;
				CLANG_ENABLE_OBJC_ARC = YES;
				CLANG_WARN_BOOL_CONVERSION = YES;
				CLANG_WARN_CONSTANT_CONVERSION = YES;
				CLANG_WARN_DIRECT_OBJC_ISA_USAGE = YES_ERROR;
				CLANG_WARN_DOCUMENTATION_COMMENTS = YES;
				CLANG_WARN_EMPTY_BODY = YES;
				CLANG_WARN_ENUM_CONVERSION = YES;
				CLANG_WARN_INFINITE_RECURSION = YES;
				CLANG_WARN_INT_CONVERSION = YES;
				CLANG_WARN_OBJC_ROOT_CLASS = YES_ERROR;
				CLANG_WARN_SUSPICIOUS_MOVE = YES;
				CLANG_WARN_UNREACHABLE_CODE = YES;
				CLANG_WARN__DUPLICATE_METHOD_MATCH = YES;
				"CODE_SIGN_IDENTITY[sdk=iphoneos*]" = "iPhone Developer";
				COPY_PHASE_STRIP = NO;
				DEBUG_INFORMATION_FORMAT = "dwarf-with-dsym";
				ENABLE_NS_ASSERTIONS = NO;
				ENABLE_STRICT_OBJC_MSGSEND = YES;
				GCC_C_LANGUAGE_STANDARD = gnu99;
				GCC_NO_COMMON_BLOCKS = YES;
				GCC_WARN_64_TO_32_BIT_CONVERSION = YES;
				GCC_WARN_ABOUT_RETURN_TYPE = YES_ERROR;
				GCC_WARN_UNDECLARED_SELECTOR = YES;
				GCC_WARN_UNINITIALIZED_AUTOS = YES_AGGRESSIVE;
				GCC_WARN_UNUSED_FUNCTION = YES;
				GCC_WARN_UNUSED_VARIABLE = YES;
				IPHONEOS_DEPLOYMENT_TARGET = 10.2;
				MTL_ENABLE_DEBUG_INFO = NO;
				SDKROOT = iphoneos;
				TARGETED_DEVICE_FAMILY = "1,2";
				VALIDATE_PRODUCT = YES;
			};
			name = Release;
		};
		016BD44F1E143DDD00CB78C1 /* Debug */ = {
			isa = XCBuildConfiguration;
			buildSettings = {
				ASSETCATALOG_COMPILER_APPICON_NAME = AppIcon;
				DEVELOPMENT_TEAM = "";
				INFOPLIST_FILE = day16/Info.plist;
				LD_RUNPATH_SEARCH_PATHS = "$(inherited) @executable_path/Frameworks";
				PRODUCT_BUNDLE_IDENTIFIER = DW.day16;
				PRODUCT_NAME = "$(TARGET_NAME)";
			};
			name = Debug;
		};
		016BD4501E143DDD00CB78C1 /* Release */ = {
			isa = XCBuildConfiguration;
			buildSettings = {
				ASSETCATALOG_COMPILER_APPICON_NAME = AppIcon;
				DEVELOPMENT_TEAM = "";
				INFOPLIST_FILE = day16/Info.plist;
				LD_RUNPATH_SEARCH_PATHS = "$(inherited) @executable_path/Frameworks";
				PRODUCT_BUNDLE_IDENTIFIER = DW.day16;
				PRODUCT_NAME = "$(TARGET_NAME)";
			};
			name = Release;
		};
/* End XCBuildConfiguration section */

/* Begin XCConfigurationList section */
		016BD4321E143DDD00CB78C1 /* Build configuration list for PBXProject "day16" */ = {
			isa = XCConfigurationList;
			buildConfigurations = (
				016BD44C1E143DDD00CB78C1 /* Debug */,
				016BD44D1E143DDD00CB78C1 /* Release */,
			);
			defaultConfigurationIsVisible = 0;
			defaultConfigurationName = Release;
		};
		016BD44E1E143DDD00CB78C1 /* Build configuration list for PBXNativeTarget "day16" */ = {
			isa = XCConfigurationList;
			buildConfigurations = (
				016BD44F1E143DDD00CB78C1 /* Debug */,
				016BD4501E143DDD00CB78C1 /* Release */,
			);
			defaultConfigurationIsVisible = 0;
			defaultConfigurationName = Release;
		};
/* End XCConfigurationList section */
	};
	rootObject = 016BD42F1E143DDD00CB78C1 /* Project object */;
}
