// !$*UTF8*$!
{
	archiveVersion = 1;
	classes = {
	};
	objectVersion = 46;
	objects = {

/* Begin PBXBuildFile section */
		61350D5B1DFF9FC300E7CEB4 /* main.m in Sources */ = {isa = PBXBuildFile; fileRef = 61350D5A1DFF9FC300E7CEB4 /* main.m */; };
		61350D5E1DFF9FC300E7CEB4 /* AppDelegate.m in Sources */ = {isa = PBXBuildFile; fileRef = 61350D5D1DFF9FC300E7CEB4 /* AppDelegate.m */; };
		61350D611DFF9FC300E7CEB4 /* ViewController.m in Sources */ = {isa = PBXBuildFile; fileRef = 61350D601DFF9FC300E7CEB4 /* ViewController.m */; };
		61350D641DFF9FC300E7CEB4 /* Main.storyboard in Resources */ = {isa = PBXBuildFile; fileRef = 61350D621DFF9FC300E7CEB4 /* Main.storyboard */; };
		61350D661DFF9FC300E7CEB4 /* Assets.xcassets in Resources */ = {isa = PBXBuildFile; fileRef = 61350D651DFF9FC300E7CEB4 /* Assets.xcassets */; };
		61350D691DFF9FC300E7CEB4 /* LaunchScreen.storyboard in Resources */ = {isa = PBXBuildFile; fileRef = 61350D671DFF9FC300E7CEB4 /* LaunchScreen.storyboard */; };
		61350D711DFFA10F00E7CEB4 /* input.txt in Resources */ = {isa = PBXBuildFile; fileRef = 61350D701DFFA10F00E7CEB4 /* input.txt */; };
/* End PBXBuildFile section */

/* Begin PBXFileReference section */
		61350D561DFF9FC300E7CEB4 /* day12.app */ = {isa = PBXFileReference; explicitFileType = wrapper.application; includeInIndex = 0; path = day12.app; sourceTree = BUILT_PRODUCTS_DIR; };
		61350D5A1DFF9FC300E7CEB4 /* main.m */ = {isa = PBXFileReference; lastKnownFileType = sourcecode.c.objc; path = main.m; sourceTree = "<group>"; };
		61350D5C1DFF9FC300E7CEB4 /* AppDelegate.h */ = {isa = PBXFileReference; lastKnownFileType = sourcecode.c.h; path = AppDelegate.h; sourceTree = "<group>"; };
		61350D5D1DFF9FC300E7CEB4 /* AppDelegate.m */ = {isa = PBXFileReference; lastKnownFileType = sourcecode.c.objc; path = AppDelegate.m; sourceTree = "<group>"; };
		61350D5F1DFF9FC300E7CEB4 /* ViewController.h */ = {isa = PBXFileReference; lastKnownFileType = sourcecode.c.h; path = ViewController.h; sourceTree = "<group>"; };
		61350D601DFF9FC300E7CEB4 /* ViewController.m */ = {isa = PBXFileReference; lastKnownFileType = sourcecode.c.objc; path = ViewController.m; sourceTree = "<group>"; };
		61350D631DFF9FC300E7CEB4 /* Base */ = {isa = PBXFileReference; lastKnownFileType = file.storyboard; name = Base; path = Base.lproj/Main.storyboard; sourceTree = "<group>"; };
		61350D651DFF9FC300E7CEB4 /* Assets.xcassets */ = {isa = PBXFileReference; lastKnownFileType = folder.assetcatalog; path = Assets.xcassets; sourceTree = "<group>"; };
		61350D681DFF9FC300E7CEB4 /* Base */ = {isa = PBXFileReference; lastKnownFileType = file.storyboard; name = Base; path = Base.lproj/LaunchScreen.storyboard; sourceTree = "<group>"; };
		61350D6A1DFF9FC300E7CEB4 /* Info.plist */ = {isa = PBXFileReference; lastKnownFileType = text.plist.xml; path = Info.plist; sourceTree = "<group>"; };
		61350D701DFFA10F00E7CEB4 /* input.txt */ = {isa = PBXFileReference; fileEncoding = 4; lastKnownFileType = text; path = input.txt; sourceTree = "<group>"; };
/* End PBXFileReference section */

/* Begin PBXFrameworksBuildPhase section */
		61350D531DFF9FC300E7CEB4 /* Frameworks */ = {
			isa = PBXFrameworksBuildPhase;
			buildActionMask = 2147483647;
			files = (
			);
			runOnlyForDeploymentPostprocessing = 0;
		};
/* End PBXFrameworksBuildPhase section */

/* Begin PBXGroup section */
		61350D4D1DFF9FC300E7CEB4 = {
			isa = PBXGroup;
			children = (
				61350D581DFF9FC300E7CEB4 /* day12 */,
				61350D571DFF9FC300E7CEB4 /* Products */,
			);
			sourceTree = "<group>";
		};
		61350D571DFF9FC300E7CEB4 /* Products */ = {
			isa = PBXGroup;
			children = (
				61350D561DFF9FC300E7CEB4 /* day12.app */,
			);
			name = Products;
			sourceTree = "<group>";
		};
		61350D581DFF9FC300E7CEB4 /* day12 */ = {
			isa = PBXGroup;
			children = (
				61350D5C1DFF9FC300E7CEB4 /* AppDelegate.h */,
				61350D5D1DFF9FC300E7CEB4 /* AppDelegate.m */,
				61350D701DFFA10F00E7CEB4 /* input.txt */,
				61350D5F1DFF9FC300E7CEB4 /* ViewController.h */,
				61350D601DFF9FC300E7CEB4 /* ViewController.m */,
				61350D621DFF9FC300E7CEB4 /* Main.storyboard */,
				61350D651DFF9FC300E7CEB4 /* Assets.xcassets */,
				61350D671DFF9FC300E7CEB4 /* LaunchScreen.storyboard */,
				61350D6A1DFF9FC300E7CEB4 /* Info.plist */,
				61350D591DFF9FC300E7CEB4 /* Supporting Files */,
			);
			path = day12;
			sourceTree = "<group>";
		};
		61350D591DFF9FC300E7CEB4 /* Supporting Files */ = {
			isa = PBXGroup;
			children = (
				61350D5A1DFF9FC300E7CEB4 /* main.m */,
			);
			name = "Supporting Files";
			sourceTree = "<group>";
		};
/* End PBXGroup section */

/* Begin PBXNativeTarget section */
		61350D551DFF9FC300E7CEB4 /* day12 */ = {
			isa = PBXNativeTarget;
			buildConfigurationList = 61350D6D1DFF9FC300E7CEB4 /* Build configuration list for PBXNativeTarget "day12" */;
			buildPhases = (
				61350D521DFF9FC300E7CEB4 /* Sources */,
				61350D531DFF9FC300E7CEB4 /* Frameworks */,
				61350D541DFF9FC300E7CEB4 /* Resources */,
			);
			buildRules = (
			);
			dependencies = (
			);
			name = day12;
			productName = day12;
			productReference = 61350D561DFF9FC300E7CEB4 /* day12.app */;
			productType = "com.apple.product-type.application";
		};
/* End PBXNativeTarget section */

/* Begin PBXProject section */
		61350D4E1DFF9FC300E7CEB4 /* Project object */ = {
			isa = PBXProject;
			attributes = {
				LastUpgradeCheck = 0820;
				ORGANIZATIONNAME = "David Weissler";
				TargetAttributes = {
					61350D551DFF9FC300E7CEB4 = {
						CreatedOnToolsVersion = 8.2;
						ProvisioningStyle = Automatic;
					};
				};
			};
			buildConfigurationList = 61350D511DFF9FC300E7CEB4 /* Build configuration list for PBXProject "day12" */;
			compatibilityVersion = "Xcode 3.2";
			developmentRegion = English;
			hasScannedForEncodings = 0;
			knownRegions = (
				en,
				Base,
			);
			mainGroup = 61350D4D1DFF9FC300E7CEB4;
			productRefGroup = 61350D571DFF9FC300E7CEB4 /* Products */;
			projectDirPath = "";
			projectRoot = "";
			targets = (
				61350D551DFF9FC300E7CEB4 /* day12 */,
			);
		};
/* End PBXProject section */

/* Begin PBXResourcesBuildPhase section */
		61350D541DFF9FC300E7CEB4 /* Resources */ = {
			isa = PBXResourcesBuildPhase;
			buildActionMask = 2147483647;
			files = (
				61350D691DFF9FC300E7CEB4 /* LaunchScreen.storyboard in Resources */,
				61350D661DFF9FC300E7CEB4 /* Assets.xcassets in Resources */,
				61350D641DFF9FC300E7CEB4 /* Main.storyboard in Resources */,
				61350D711DFFA10F00E7CEB4 /* input.txt in Resources */,
			);
			runOnlyForDeploymentPostprocessing = 0;
		};
/* End PBXResourcesBuildPhase section */

/* Begin PBXSourcesBuildPhase section */
		61350D521DFF9FC300E7CEB4 /* Sources */ = {
			isa = PBXSourcesBuildPhase;
			buildActionMask = 2147483647;
			files = (
				61350D611DFF9FC300E7CEB4 /* ViewController.m in Sources */,
				61350D5E1DFF9FC300E7CEB4 /* AppDelegate.m in Sources */,
				61350D5B1DFF9FC300E7CEB4 /* main.m in Sources */,
			);
			runOnlyForDeploymentPostprocessing = 0;
		};
/* End PBXSourcesBuildPhase section */

/* Begin PBXVariantGroup section */
		61350D621DFF9FC300E7CEB4 /* Main.storyboard */ = {
			isa = PBXVariantGroup;
			children = (
				61350D631DFF9FC300E7CEB4 /* Base */,
			);
			name = Main.storyboard;
			sourceTree = "<group>";
		};
		61350D671DFF9FC300E7CEB4 /* LaunchScreen.storyboard */ = {
			isa = PBXVariantGroup;
			children = (
				61350D681DFF9FC300E7CEB4 /* Base */,
			);
			name = LaunchScreen.storyboard;
			sourceTree = "<group>";
		};
/* End PBXVariantGroup section */

/* Begin XCBuildConfiguration section */
		61350D6B1DFF9FC300E7CEB4 /* Debug */ = {
			isa = XCBuildConfiguration;
			buildSettings = {
				ALWAYS_SEARCH_USER_PATHS = NO;
				CLANG_ANALYZER_NONNULL = YES;
				CLANG_CXX_LANGUAGE_STANDARD = "gnu++0x";
				CLANG_CXX_LIBRARY = "libc++";
				CLANG_ENABLE_MODULES = YES;
				CLANG_ENABLE_OBJC_ARC = YES;
				CLANG_WARN_BOOL_CONVERSION = YES;
				CLANG_WARN_CONSTANT_CONVERSION = YES;
				CLANG_WARN_DIRECT_OBJC_ISA_USAGE = YES_ERROR;
				CLANG_WARN_DOCUMENTATION_COMMENTS = YES;
				CLANG_WARN_EMPTY_BODY = YES;
				CLANG_WARN_ENUM_CONVERSION = YES;
				CLANG_WARN_INFINITE_RECURSION = YES;
				CLANG_WARN_INT_CONVERSION = YES;
				CLANG_WARN_OBJC_ROOT_CLASS = YES_ERROR;
				CLANG_WARN_SUSPICIOUS_MOVE = YES;
				CLANG_WARN_UNREACHABLE_CODE = YES;
				CLANG_WARN__DUPLICATE_METHOD_MATCH = YES;
				"CODE_SIGN_IDENTITY[sdk=iphoneos*]" = "iPhone Developer";
				COPY_PHASE_STRIP = NO;
				DEBUG_INFORMATION_FORMAT = dwarf;
				ENABLE_STRICT_OBJC_MSGSEND = YES;
				ENABLE_TESTABILITY = YES;
				GCC_C_LANGUAGE_STANDARD = gnu99;
				GCC_DYNAMIC_NO_PIC = NO;
				GCC_NO_COMMON_BLOCKS = YES;
				GCC_OPTIMIZATION_LEVEL = 0;
				GCC_PREPROCESSOR_DEFINITIONS = (
					"DEBUG=1",
					"$(inherited)",
				);
				GCC_WARN_64_TO_32_BIT_CONVERSION = YES;
				GCC_WARN_ABOUT_RETURN_TYPE = YES_ERROR;
				GCC_WARN_UNDECLARED_SELECTOR = YES;
				GCC_WARN_UNINITIALIZED_AUTOS = YES_AGGRESSIVE;
				GCC_WARN_UNUSED_FUNCTION = YES;
				GCC_WARN_UNUSED_VARIABLE = YES;
				IPHONEOS_DEPLOYMENT_TARGET = 10.2;
				MTL_ENABLE_DEBUG_INFO = YES;
				ONLY_ACTIVE_ARCH = YES;
				SDKROOT = iphoneos;
				TARGETED_DEVICE_FAMILY = "1,2";
			};
			name = Debug;
		};
		61350D6C1DFF9FC300E7CEB4 /* Release */ = {
			isa = XCBuildConfiguration;
			buildSettings = {
				ALWAYS_SEARCH_USER_PATHS = NO;
				CLANG_ANALYZER_NONNULL = YES;
				CLANG_CXX_LANGUAGE_STANDARD = "gnu++0x";
				CLANG_CXX_LIBRARY = "libc++";
				CLANG_ENABLE_MODULES = YES;
				CLANG_ENABLE_OBJC_ARC = YES;
				CLANG_WARN_BOOL_CONVERSION = YES;
				CLANG_WARN_CONSTANT_CONVERSION = YES;
				CLANG_WARN_DIRECT_OBJC_ISA_USAGE = YES_ERROR;
				CLANG_WARN_DOCUMENTATION_COMMENTS = YES;
				CLANG_WARN_EMPTY_BODY = YES;
				CLANG_WARN_ENUM_CONVERSION = YES;
				CLANG_WARN_INFINITE_RECURSION = YES;
				CLANG_WARN_INT_CONVERSION = YES;
				CLANG_WARN_OBJC_ROOT_CLASS = YES_ERROR;
				CLANG_WARN_SUSPICIOUS_MOVE = YES;
				CLANG_WARN_UNREACHABLE_CODE = YES;
				CLANG_WARN__DUPLICATE_METHOD_MATCH = YES;
				"CODE_SIGN_IDENTITY[sdk=iphoneos*]" = "iPhone Developer";
				COPY_PHASE_STRIP = NO;
				DEBUG_INFORMATION_FORMAT = "dwarf-with-dsym";
				ENABLE_NS_ASSERTIONS = NO;
				ENABLE_STRICT_OBJC_MSGSEND = YES;
				GCC_C_LANGUAGE_STANDARD = gnu99;
				GCC_NO_COMMON_BLOCKS = YES;
				GCC_WARN_64_TO_32_BIT_CONVERSION = YES;
				GCC_WARN_ABOUT_RETURN_TYPE = YES_ERROR;
				GCC_WARN_UNDECLARED_SELECTOR = YES;
				GCC_WARN_UNINITIALIZED_AUTOS = YES_AGGRESSIVE;
				GCC_WARN_UNUSED_FUNCTION = YES;
				GCC_WARN_UNUSED_VARIABLE = YES;
				IPHONEOS_DEPLOYMENT_TARGET = 10.2;
				MTL_ENABLE_DEBUG_INFO = NO;
				SDKROOT = iphoneos;
				TARGETED_DEVICE_FAMILY = "1,2";
				VALIDATE_PRODUCT = YES;
			};
			name = Release;
		};
		61350D6E1DFF9FC300E7CEB4 /* Debug */ = {
			isa = XCBuildConfiguration;
			buildSettings = {
				ASSETCATALOG_COMPILER_APPICON_NAME = AppIcon;
				INFOPLIST_FILE = day12/Info.plist;
				LD_RUNPATH_SEARCH_PATHS = "$(inherited) @executable_path/Frameworks";
				PRODUCT_BUNDLE_IDENTIFIER = DW.day12;
				PRODUCT_NAME = "$(TARGET_NAME)";
			};
			name = Debug;
		};
		61350D6F1DFF9FC300E7CEB4 /* Release */ = {
			isa = XCBuildConfiguration;
			buildSettings = {
				ASSETCATALOG_COMPILER_APPICON_NAME = AppIcon;
				INFOPLIST_FILE = day12/Info.plist;
				LD_RUNPATH_SEARCH_PATHS = "$(inherited) @executable_path/Frameworks";
				PRODUCT_BUNDLE_IDENTIFIER = DW.day12;
				PRODUCT_NAME = "$(TARGET_NAME)";
			};
			name = Release;
		};
/* End XCBuildConfiguration section */

/* Begin XCConfigurationList section */
		61350D511DFF9FC300E7CEB4 /* Build configuration list for PBXProject "day12" */ = {
			isa = XCConfigurationList;
			buildConfigurations = (
				61350D6B1DFF9FC300E7CEB4 /* Debug */,
				61350D6C1DFF9FC300E7CEB4 /* Release */,
			);
			defaultConfigurationIsVisible = 0;
			defaultConfigurationName = Release;
		};
		61350D6D1DFF9FC300E7CEB4 /* Build configuration list for PBXNativeTarget "day12" */ = {
			isa = XCConfigurationList;
			buildConfigurations = (
				61350D6E1DFF9FC300E7CEB4 /* Debug */,
				61350D6F1DFF9FC300E7CEB4 /* Release */,
			);
			defaultConfigurationIsVisible = 0;
		};
/* End XCConfigurationList section */
	};
	rootObject = 61350D4E1DFF9FC300E7CEB4 /* Project object */;
}
